
Microsoft Visual Studio Solution File, Format Version 12.00
# Visual Studio Version 16
VisualStudioVersion = 25.0.1706.8
MinimumVisualStudioVersion = 10.0.40219.1
Project("{FAE04EC0-301F-11D3-BF4B-00C04F79EFBC}") = "nikolaevromanKT-31-20", "nikolaevromanKT-31-20\nikolaevromanKT-31-20.csproj", "{14DB088E-37C1-4C3E-B21E-65E2C3564724}"
EndProject
Global
	GlobalSection(SolutionConfigurationPlatforms) = preSolution
		Debug|Any CPU = Debug|Any CPU
		Release|Any CPU = Release|Any CPU
	EndGlobalSection
	GlobalSection(ProjectConfigurationPlatforms) = postSolution
		{14DB088E-37C1-4C3E-B21E-65E2C3564724}.Debug|Any CPU.ActiveCfg = Debug|Any CPU
		{14DB088E-37C1-4C3E-B21E-65E2C3564724}.Debug|Any CPU.Build.0 = Debug|Any CPU
		{14DB088E-37C1-4C3E-B21E-65E2C3564724}.Release|Any CPU.ActiveCfg = Release|Any CPU
		{14DB088E-37C1-4C3E-B21E-65E2C3564724}.Release|Any CPU.Build.0 = Release|Any CPU
	EndGlobalSection
	GlobalSection(SolutionProperties) = preSolution
		HideSolutionNode = FALSE
	EndGlobalSection
	GlobalSection(ExtensibilityGlobals) = postSolution
		SolutionGuid = {4C51C206-52A2-4A2A-84FD-C7745F3487C5}
	EndGlobalSection
EndGlobal
